// !$*UTF8*$!
{
	archiveVersion = 1;
	classes = {
	};
	objectVersion = 56;
	objects = {

/* Begin PBXBuildFile section */
		E4DB59632BA9FACF0038268E /* fetch_coding_exerciseApp.swift in Sources */ = {isa = PBXBuildFile; fileRef = E4DB59622BA9FACF0038268E /* fetch_coding_exerciseApp.swift */; };
		E4DB59652BA9FACF0038268E /* ContentView.swift in Sources */ = {isa = PBXBuildFile; fileRef = E4DB59642BA9FACF0038268E /* ContentView.swift */; };
		E4DB59672BA9FAD30038268E /* Assets.xcassets in Resources */ = {isa = PBXBuildFile; fileRef = E4DB59662BA9FAD30038268E /* Assets.xcassets */; };
		E4DB596A2BA9FAD30038268E /* Preview Assets.xcassets in Resources */ = {isa = PBXBuildFile; fileRef = E4DB59692BA9FAD30038268E /* Preview Assets.xcassets */; };
		E4DB59712BA9FB460038268E /* fetch-hiring.json in Resources */ = {isa = PBXBuildFile; fileRef = E4DB59702BA9FB460038268E /* fetch-hiring.json */; };
		E4DB59732BA9FCEE0038268E /* Item.swift in Sources */ = {isa = PBXBuildFile; fileRef = E4DB59722BA9FCEE0038268E /* Item.swift */; };
		E4DB59752BA9FD1B0038268E /* ItemViewModel.swift in Sources */ = {isa = PBXBuildFile; fileRef = E4DB59742BA9FD1B0038268E /* ItemViewModel.swift */; };
		E4DB59772BA9FE820038268E /* ItemListview.swift in Sources */ = {isa = PBXBuildFile; fileRef = E4DB59762BA9FE820038268E /* ItemListview.swift */; };
/* End PBXBuildFile section */

/* Begin PBXFileReference section */
		E4DB595F2BA9FACF0038268E /* fetch-coding-exercise.app */ = {isa = PBXFileReference; explicitFileType = wrapper.application; includeInIndex = 0; path = "fetch-coding-exercise.app"; sourceTree = BUILT_PRODUCTS_DIR; };
		E4DB59622BA9FACF0038268E /* fetch_coding_exerciseApp.swift */ = {isa = PBXFileReference; lastKnownFileType = sourcecode.swift; path = fetch_coding_exerciseApp.swift; sourceTree = "<group>"; };
		E4DB59642BA9FACF0038268E /* ContentView.swift */ = {isa = PBXFileReference; lastKnownFileType = sourcecode.swift; path = ContentView.swift; sourceTree = "<group>"; };
		E4DB59662BA9FAD30038268E /* Assets.xcassets */ = {isa = PBXFileReference; lastKnownFileType = folder.assetcatalog; path = Assets.xcassets; sourceTree = "<group>"; };
		E4DB59692BA9FAD30038268E /* Preview Assets.xcassets */ = {isa = PBXFileReference; lastKnownFileType = folder.assetcatalog; path = "Preview Assets.xcassets"; sourceTree = "<group>"; };
		E4DB59702BA9FB460038268E /* fetch-hiring.json */ = {isa = PBXFileReference; fileEncoding = 4; lastKnownFileType = text.json; name = "fetch-hiring.json"; path = "../../../Desktop/fetch-hiring.json"; sourceTree = "<group>"; };
		E4DB59722BA9FCEE0038268E /* Item.swift */ = {isa = PBXFileReference; lastKnownFileType = sourcecode.swift; path = Item.swift; sourceTree = "<group>"; };
		E4DB59742BA9FD1B0038268E /* ItemViewModel.swift */ = {isa = PBXFileReference; lastKnownFileType = sourcecode.swift; path = ItemViewModel.swift; sourceTree = "<group>"; };
		E4DB59762BA9FE820038268E /* ItemListview.swift */ = {isa = PBXFileReference; lastKnownFileType = sourcecode.swift; path = ItemListview.swift; sourceTree = "<group>"; };
/* End PBXFileReference section */

/* Begin PBXFrameworksBuildPhase section */
		E4DB595C2BA9FACF0038268E /* Frameworks */ = {
			isa = PBXFrameworksBuildPhase;
			buildActionMask = 2147483647;
			files = (
			);
			runOnlyForDeploymentPostprocessing = 0;
		};
/* End PBXFrameworksBuildPhase section */

/* Begin PBXGroup section */
		E4DB59562BA9FACF0038268E = {
			isa = PBXGroup;
			children = (
				E4DB59612BA9FACF0038268E /* fetch-coding-exercise */,
				E4DB59602BA9FACF0038268E /* Products */,
			);
			sourceTree = "<group>";
		};
		E4DB59602BA9FACF0038268E /* Products */ = {
			isa = PBXGroup;
			children = (
				E4DB595F2BA9FACF0038268E /* fetch-coding-exercise.app */,
			);
			name = Products;
			sourceTree = "<group>";
		};
		E4DB59612BA9FACF0038268E /* fetch-coding-exercise */ = {
			isa = PBXGroup;
			children = (
				E4DB59622BA9FACF0038268E /* fetch_coding_exerciseApp.swift */,
				E4DB59742BA9FD1B0038268E /* ItemViewModel.swift */,
				E4DB59722BA9FCEE0038268E /* Item.swift */,
				E4DB59702BA9FB460038268E /* fetch-hiring.json */,
				E4DB59642BA9FACF0038268E /* ContentView.swift */,
				E4DB59662BA9FAD30038268E /* Assets.xcassets */,
				E4DB59682BA9FAD30038268E /* Preview Content */,
				E4DB59762BA9FE820038268E /* ItemListview.swift */,
			);
			path = "fetch-coding-exercise";
			sourceTree = "<group>";
		};
		E4DB59682BA9FAD30038268E /* Preview Content */ = {
			isa = PBXGroup;
			children = (
				E4DB59692BA9FAD30038268E /* Preview Assets.xcassets */,
			);
			path = "Preview Content";
			sourceTree = "<group>";
		};
/* End PBXGroup section */

/* Begin PBXNativeTarget section */
		E4DB595E2BA9FACF0038268E /* fetch-coding-exercise */ = {
			isa = PBXNativeTarget;
			buildConfigurationList = E4DB596D2BA9FAD30038268E /* Build configuration list for PBXNativeTarget "fetch-coding-exercise" */;
			buildPhases = (
				E4DB595B2BA9FACF0038268E /* Sources */,
				E4DB595C2BA9FACF0038268E /* Frameworks */,
				E4DB595D2BA9FACF0038268E /* Resources */,
			);
			buildRules = (
			);
			dependencies = (
			);
			name = "fetch-coding-exercise";
			productName = "fetch-coding-exercise";
			productReference = E4DB595F2BA9FACF0038268E /* fetch-coding-exercise.app */;
			productType = "com.apple.product-type.application";
		};
/* End PBXNativeTarget section */

/* Begin PBXProject section */
		E4DB59572BA9FACF0038268E /* Project object */ = {
			isa = PBXProject;
			attributes = {
				BuildIndependentTargetsInParallel = 1;
				LastSwiftUpdateCheck = 1520;
				LastUpgradeCheck = 1520;
				TargetAttributes = {
					E4DB595E2BA9FACF0038268E = {
						CreatedOnToolsVersion = 15.2;
					};
				};
			};
			buildConfigurationList = E4DB595A2BA9FACF0038268E /* Build configuration list for PBXProject "fetch-coding-exercise" */;
			compatibilityVersion = "Xcode 14.0";
			developmentRegion = en;
			hasScannedForEncodings = 0;
			knownRegions = (
				en,
				Base,
			);
			mainGroup = E4DB59562BA9FACF0038268E;
			productRefGroup = E4DB59602BA9FACF0038268E /* Products */;
			projectDirPath = "";
			projectRoot = "";
			targets = (
				E4DB595E2BA9FACF0038268E /* fetch-coding-exercise */,
			);
		};
/* End PBXProject section */

/* Begin PBXResourcesBuildPhase section */
		E4DB595D2BA9FACF0038268E /* Resources */ = {
			isa = PBXResourcesBuildPhase;
			buildActionMask = 2147483647;
			files = (
				E4DB596A2BA9FAD30038268E /* Preview Assets.xcassets in Resources */,
				E4DB59712BA9FB460038268E /* fetch-hiring.json in Resources */,
				E4DB59672BA9FAD30038268E /* Assets.xcassets in Resources */,
			);
			runOnlyForDeploymentPostprocessing = 0;
		};
/* End PBXResourcesBuildPhase section */

/* Begin PBXSourcesBuildPhase section */
		E4DB595B2BA9FACF0038268E /* Sources */ = {
			isa = PBXSourcesBuildPhase;
			buildActionMask = 2147483647;
			files = (
				E4DB59652BA9FACF0038268E /* ContentView.swift in Sources */,
				E4DB59772BA9FE820038268E /* ItemListview.swift in Sources */,
				E4DB59752BA9FD1B0038268E /* ItemViewModel.swift in Sources */,
				E4DB59732BA9FCEE0038268E /* Item.swift in Sources */,
				E4DB59632BA9FACF0038268E /* fetch_coding_exerciseApp.swift in Sources */,
			);
			runOnlyForDeploymentPostprocessing = 0;
		};
/* End PBXSourcesBuildPhase section */

/* Begin XCBuildConfiguration section */
		E4DB596B2BA9FAD30038268E /* Debug */ = {
			isa = XCBuildConfiguration;
			buildSettings = {
				ALWAYS_SEARCH_USER_PATHS = NO;
				ASSETCATALOG_COMPILER_GENERATE_SWIFT_ASSET_SYMBOL_EXTENSIONS = YES;
				CLANG_ANALYZER_NONNULL = YES;
				CLANG_ANALYZER_NUMBER_OBJECT_CONVERSION = YES_AGGRESSIVE;
				CLANG_CXX_LANGUAGE_STANDARD = "gnu++20";
				CLANG_ENABLE_MODULES = YES;
				CLANG_ENABLE_OBJC_ARC = YES;
				CLANG_ENABLE_OBJC_WEAK = YES;
				CLANG_WARN_BLOCK_CAPTURE_AUTORELEASING = YES;
				CLANG_WARN_BOOL_CONVERSION = YES;
				CLANG_WARN_COMMA = YES;
				CLANG_WARN_CONSTANT_CONVERSION = YES;
				CLANG_WARN_DEPRECATED_OBJC_IMPLEMENTATIONS = YES;
				CLANG_WARN_DIRECT_OBJC_ISA_USAGE = YES_ERROR;
				CLANG_WARN_DOCUMENTATION_COMMENTS = YES;
				CLANG_WARN_EMPTY_BODY = YES;
				CLANG_WARN_ENUM_CONVERSION = YES;
				CLANG_WARN_INFINITE_RECURSION = YES;
				CLANG_WARN_INT_CONVERSION = YES;
				CLANG_WARN_NON_LITERAL_NULL_CONVERSION = YES;
				CLANG_WARN_OBJC_IMPLICIT_RETAIN_SELF = YES;
				CLANG_WARN_OBJC_LITERAL_CONVERSION = YES;
				CLANG_WARN_OBJC_ROOT_CLASS = YES_ERROR;
				CLANG_WARN_QUOTED_INCLUDE_IN_FRAMEWORK_HEADER = YES;
				CLANG_WARN_RANGE_LOOP_ANALYSIS = YES;
				CLANG_WARN_STRICT_PROTOTYPES = YES;
				CLANG_WARN_SUSPICIOUS_MOVE = YES;
				CLANG_WARN_UNGUARDED_AVAILABILITY = YES_AGGRESSIVE;
				CLANG_WARN_UNREACHABLE_CODE = YES;
				CLANG_WARN__DUPLICATE_METHOD_MATCH = YES;
				COPY_PHASE_STRIP = NO;
				DEBUG_INFORMATION_FORMAT = dwarf;
				ENABLE_STRICT_OBJC_MSGSEND = YES;
				ENABLE_TESTABILITY = YES;
				ENABLE_USER_SCRIPT_SANDBOXING = YES;
				GCC_C_LANGUAGE_STANDARD = gnu17;
				GCC_DYNAMIC_NO_PIC = NO;
				GCC_NO_COMMON_BLOCKS = YES;
				GCC_OPTIMIZATION_LEVEL = 0;
				GCC_PREPROCESSOR_DEFINITIONS = (
					"DEBUG=1",
					"$(inherited)",
				);
				GCC_WARN_64_TO_32_BIT_CONVERSION = YES;
				GCC_WARN_ABOUT_RETURN_TYPE = YES_ERROR;
				GCC_WARN_UNDECLARED_SELECTOR = YES;
				GCC_WARN_UNINITIALIZED_AUTOS = YES_AGGRESSIVE;
				GCC_WARN_UNUSED_FUNCTION = YES;
				GCC_WARN_UNUSED_VARIABLE = YES;
				IPHONEOS_DEPLOYMENT_TARGET = 17.2;
				LOCALIZATION_PREFERS_STRING_CATALOGS = YES;
				MTL_ENABLE_DEBUG_INFO = INCLUDE_SOURCE;
				MTL_FAST_MATH = YES;
				ONLY_ACTIVE_ARCH = YES;
				SDKROOT = iphoneos;
				SWIFT_ACTIVE_COMPILATION_CONDITIONS = "DEBUG $(inherited)";
				SWIFT_OPTIMIZATION_LEVEL = "-Onone";
			};
			name = Debug;
		};
		E4DB596C2BA9FAD30038268E /* Release */ = {
			isa = XCBuildConfiguration;
			buildSettings = {
				ALWAYS_SEARCH_USER_PATHS = NO;
				ASSETCATALOG_COMPILER_GENERATE_SWIFT_ASSET_SYMBOL_EXTENSIONS = YES;
				CLANG_ANALYZER_NONNULL = YES;
				CLANG_ANALYZER_NUMBER_OBJECT_CONVERSION = YES_AGGRESSIVE;
				CLANG_CXX_LANGUAGE_STANDARD = "gnu++20";
				CLANG_ENABLE_MODULES = YES;
				CLANG_ENABLE_OBJC_ARC = YES;
				CLANG_ENABLE_OBJC_WEAK = YES;
				CLANG_WARN_BLOCK_CAPTURE_AUTORELEASING = YES;
				CLANG_WARN_BOOL_CONVERSION = YES;
				CLANG_WARN_COMMA = YES;
				CLANG_WARN_CONSTANT_CONVERSION = YES;
				CLANG_WARN_DEPRECATED_OBJC_IMPLEMENTATIONS = YES;
				CLANG_WARN_DIRECT_OBJC_ISA_USAGE = YES_ERROR;
				CLANG_WARN_DOCUMENTATION_COMMENTS = YES;
				CLANG_WARN_EMPTY_BODY = YES;
				CLANG_WARN_ENUM_CONVERSION = YES;
				CLANG_WARN_INFINITE_RECURSION = YES;
				CLANG_WARN_INT_CONVERSION = YES;
				CLANG_WARN_NON_LITERAL_NULL_CONVERSION = YES;
				CLANG_WARN_OBJC_IMPLICIT_RETAIN_SELF = YES;
				CLANG_WARN_OBJC_LITERAL_CONVERSION = YES;
				CLANG_WARN_OBJC_ROOT_CLASS = YES_ERROR;
				CLANG_WARN_QUOTED_INCLUDE_IN_FRAMEWORK_HEADER = YES;
				CLANG_WARN_RANGE_LOOP_ANALYSIS = YES;
				CLANG_WARN_STRICT_PROTOTYPES = YES;
				CLANG_WARN_SUSPICIOUS_MOVE = YES;
				CLANG_WARN_UNGUARDED_AVAILABILITY = YES_AGGRESSIVE;
				CLANG_WARN_UNREACHABLE_CODE = YES;
				CLANG_WARN__DUPLICATE_METHOD_MATCH = YES;
				COPY_PHASE_STRIP = NO;
				DEBUG_INFORMATION_FORMAT = "dwarf-with-dsym";
				ENABLE_NS_ASSERTIONS = NO;
				ENABLE_STRICT_OBJC_MSGSEND = YES;
				ENABLE_USER_SCRIPT_SANDBOXING = YES;
				GCC_C_LANGUAGE_STANDARD = gnu17;
				GCC_NO_COMMON_BLOCKS = YES;
				GCC_WARN_64_TO_32_BIT_CONVERSION = YES;
				GCC_WARN_ABOUT_RETURN_TYPE = YES_ERROR;
				GCC_WARN_UNDECLARED_SELECTOR = YES;
				GCC_WARN_UNINITIALIZED_AUTOS = YES_AGGRESSIVE;
				GCC_WARN_UNUSED_FUNCTION = YES;
				GCC_WARN_UNUSED_VARIABLE = YES;
				IPHONEOS_DEPLOYMENT_TARGET = 17.2;
				LOCALIZATION_PREFERS_STRING_CATALOGS = YES;
				MTL_ENABLE_DEBUG_INFO = NO;
				MTL_FAST_MATH = YES;
				SDKROOT = iphoneos;
				SWIFT_COMPILATION_MODE = wholemodule;
				VALIDATE_PRODUCT = YES;
			};
			name = Release;
		};
		E4DB596E2BA9FAD30038268E /* Debug */ = {
			isa = XCBuildConfiguration;
			buildSettings = {
				ASSETCATALOG_COMPILER_APPICON_NAME = AppIcon;
				ASSETCATALOG_COMPILER_GLOBAL_ACCENT_COLOR_NAME = AccentColor;
				CODE_SIGN_STYLE = Automatic;
				CURRENT_PROJECT_VERSION = 1;
				DEVELOPMENT_ASSET_PATHS = "\"fetch-coding-exercise/Preview Content\"";
				DEVELOPMENT_TEAM = 5G2Y625L8M;
				ENABLE_PREVIEWS = YES;
				GENERATE_INFOPLIST_FILE = YES;
				INFOPLIST_KEY_UIApplicationSceneManifest_Generation = YES;
				INFOPLIST_KEY_UIApplicationSupportsIndirectInputEvents = YES;
				INFOPLIST_KEY_UILaunchScreen_Generation = YES;
				INFOPLIST_KEY_UISupportedInterfaceOrientations_iPad = "UIInterfaceOrientationPortrait UIInterfaceOrientationPortraitUpsideDown UIInterfaceOrientationLandscapeLeft UIInterfaceOrientationLandscapeRight";
				INFOPLIST_KEY_UISupportedInterfaceOrientations_iPhone = "UIInterfaceOrientationPortrait UIInterfaceOrientationLandscapeLeft UIInterfaceOrientationLandscapeRight";
				LD_RUNPATH_SEARCH_PATHS = (
					"$(inherited)",
					"@executable_path/Frameworks",
				);
				MARKETING_VERSION = 1.0;
				PRODUCT_BUNDLE_IDENTIFIER = "northeastern.fetch-coding-exercise";
				PRODUCT_NAME = "$(TARGET_NAME)";
				SWIFT_EMIT_LOC_STRINGS = YES;
				SWIFT_VERSION = 5.0;
				TARGETED_DEVICE_FAMILY = "1,2";
			};
			name = Debug;
		};
		E4DB596F2BA9FAD30038268E /* Release */ = {
			isa = XCBuildConfiguration;
			buildSettings = {
				ASSETCATALOG_COMPILER_APPICON_NAME = AppIcon;
				ASSETCATALOG_COMPILER_GLOBAL_ACCENT_COLOR_NAME = AccentColor;
				CODE_SIGN_STYLE = Automatic;
				CURRENT_PROJECT_VERSION = 1;
				DEVELOPMENT_ASSET_PATHS = "\"fetch-coding-exercise/Preview Content\"";
				DEVELOPMENT_TEAM = 5G2Y625L8M;
				ENABLE_PREVIEWS = YES;
				GENERATE_INFOPLIST_FILE = YES;
				INFOPLIST_KEY_UIApplicationSceneManifest_Generation = YES;
				INFOPLIST_KEY_UIApplicationSupportsIndirectInputEvents = YES;
				INFOPLIST_KEY_UILaunchScreen_Generation = YES;
				INFOPLIST_KEY_UISupportedInterfaceOrientations_iPad = "UIInterfaceOrientationPortrait UIInterfaceOrientationPortraitUpsideDown UIInterfaceOrientationLandscapeLeft UIInterfaceOrientationLandscapeRight";
				INFOPLIST_KEY_UISupportedInterfaceOrientations_iPhone = "UIInterfaceOrientationPortrait UIInterfaceOrientationLandscapeLeft UIInterfaceOrientationLandscapeRight";
				LD_RUNPATH_SEARCH_PATHS = (
					"$(inherited)",
					"@executable_path/Frameworks",
				);
				MARKETING_VERSION = 1.0;
				PRODUCT_BUNDLE_IDENTIFIER = "northeastern.fetch-coding-exercise";
				PRODUCT_NAME = "$(TARGET_NAME)";
				SWIFT_EMIT_LOC_STRINGS = YES;
				SWIFT_VERSION = 5.0;
				TARGETED_DEVICE_FAMILY = "1,2";
			};
			name = Release;
		};
/* End XCBuildConfiguration section */

/* Begin XCConfigurationList section */
		E4DB595A2BA9FACF0038268E /* Build configuration list for PBXProject "fetch-coding-exercise" */ = {
			isa = XCConfigurationList;
			buildConfigurations = (
				E4DB596B2BA9FAD30038268E /* Debug */,
				E4DB596C2BA9FAD30038268E /* Release */,
			);
			defaultConfigurationIsVisible = 0;
			defaultConfigurationName = Release;
		};
		E4DB596D2BA9FAD30038268E /* Build configuration list for PBXNativeTarget "fetch-coding-exercise" */ = {
			isa = XCConfigurationList;
			buildConfigurations = (
				E4DB596E2BA9FAD30038268E /* Debug */,
				E4DB596F2BA9FAD30038268E /* Release */,
			);
			defaultConfigurationIsVisible = 0;
			defaultConfigurationName = Release;
		};
/* End XCConfigurationList section */
	};
	rootObject = E4DB59572BA9FACF0038268E /* Project object */;
}
